# This file was autogenerated by Stack.
# You should not edit this file by hand.
# For more information, please see the documentation at:
#   https://docs.haskellstack.org/en/stable/lock_files

packages:
- completed:
    name: wkt-geom
    version: 0.0.12
    git: https://github.com/zellige/wkt-geom.git
    pantry-tree:
      size: 3183
      sha256: 0c96a2047d5f29618dd0a0c7363ef40c117f611a0e857dda75b18e1023822690
    commit: 8f794ff37f491b1af6e28471d0666d60cee3d7a2
  original:
    git: https://github.com/zellige/wkt-geom.git
    commit: 8f794ff37f491b1af6e28471d0666d60cee3d7a2
- completed:
    hackage: co-log-core-0.3.0.0@sha256:cd5fde04475ae6926bb3cdb071180b399652c30583263f823c41fb1f34b038ef,3520
    pantry-tree:
      size: 584
      sha256: 3278fd22a482ea5351c354b44f49498466ac46129dd51939e7b569f5994b7619
  original:
    hackage: co-log-core-0.3.0.0@sha256:cd5fde04475ae6926bb3cdb071180b399652c30583263f823c41fb1f34b038ef,3520
snapshots:
- completed:
    size: 594850
    url: https://raw.githubusercontent.com/commercialhaskell/stackage-snapshots/master/nightly/2021/11/6.yaml
    sha256: b5d7eef8b8b34d08a9604179e2594a9a5025d872146556b51f9d2f7bfead834b
  original: nightly-2021-11-06
