# This file was autogenerated by Stack.
# You should not edit this file by hand.
# For more information, please see the documentation at:
#   https://docs.haskellstack.org/en/stable/lock_files

packages:
- completed:
    name: wkt-geom
    version: 0.0.11
    git: https://github.com/EmilGedda/wkt-geom.git
    pantry-tree:
      size: 3244
      sha256: bf068595084f88762d7b8e12f47009ec56e7d0b01b4e86142f0a4bc4e85ab7bd
    commit: 93f6c47012e3ee3919203b511fa8a14785044f53
  original:
    git: https://github.com/EmilGedda/wkt-geom.git
    commit: 93f6c47012e3ee3919203b511fa8a14785044f53
snapshots:
- completed:
    size: 585817
    url: https://raw.githubusercontent.com/commercialhaskell/stackage-snapshots/master/lts/18/5.yaml
    sha256: 22d24d0dacad9c1450b9a174c28d203f9bb482a2a8da9710a2f2a9f4afee2887
  original: lts-18.5
